
Microsoft Visual Studio Solution File, Format Version 12.00
# Visual Studio Version 17
VisualStudioVersion = 17.9.34728.123
MinimumVisualStudioVersion = 10.0.40219.1
Project("{FAE04EC0-301F-11D3-BF4B-00C04F79EFBC}") = "LeaveManagement.Web", "LeaveManagement.Web\LeaveManagement.Web.csproj", "{98201EBE-4F0C-480B-95BB-984BE810AE0F}"
EndProject
Global
	GlobalSection(SolutionConfigurationPlatforms) = preSolution
		Debug|Any CPU = Debug|Any CPU
		Release|Any CPU = Release|Any CPU
	EndGlobalSection
	GlobalSection(ProjectConfigurationPlatforms) = postSolution
		{98201EBE-4F0C-480B-95BB-984BE810AE0F}.Debug|Any CPU.ActiveCfg = Debug|Any CPU
		{98201EBE-4F0C-480B-95BB-984BE810AE0F}.Debug|Any CPU.Build.0 = Debug|Any CPU
		{98201EBE-4F0C-480B-95BB-984BE810AE0F}.Release|Any CPU.ActiveCfg = Release|Any CPU
		{98201EBE-4F0C-480B-95BB-984BE810AE0F}.Release|Any CPU.Build.0 = Release|Any CPU
	EndGlobalSection
	GlobalSection(SolutionProperties) = preSolution
		HideSolutionNode = FALSE
	EndGlobalSection
	GlobalSection(ExtensibilityGlobals) = postSolution
		SolutionGuid = {C8FC98C9-3E68-4DB6-8F8C-102AD6CA9D99}
	EndGlobalSection
EndGlobal
